
Microsoft Visual Studio Solution File, Format Version 12.00
# Visual Studio 15
VisualStudioVersion = 15.0.27703.2035
MinimumVisualStudioVersion = 10.0.40219.1
Project("{FAE04EC0-301F-11D3-BF4B-00C04F79EFBC}") = "neoMed NEW", "neoMed\neoMed NEW.csproj", "{C783E69D-AC79-4838-8E16-55977135273C}"
EndProject
Global
	GlobalSection(SolutionConfigurationPlatforms) = preSolution
		Debug|Any CPU = Debug|Any CPU
		Release|Any CPU = Release|Any CPU
	EndGlobalSection
	GlobalSection(ProjectConfigurationPlatforms) = postSolution
		{C783E69D-AC79-4838-8E16-55977135273C}.Debug|Any CPU.ActiveCfg = Debug|Any CPU
		{C783E69D-AC79-4838-8E16-55977135273C}.Debug|Any CPU.Build.0 = Debug|Any CPU
		{C783E69D-AC79-4838-8E16-55977135273C}.Release|Any CPU.ActiveCfg = Release|Any CPU
		{C783E69D-AC79-4838-8E16-55977135273C}.Release|Any CPU.Build.0 = Release|Any CPU
	EndGlobalSection
	GlobalSection(SolutionProperties) = preSolution
		HideSolutionNode = FALSE
	EndGlobalSection
	GlobalSection(ExtensibilityGlobals) = postSolution
		SolutionGuid = {F7E8302F-EA7B-4DC0-9A6B-4A5AC3710A56}
	EndGlobalSection
EndGlobal
